{
  "name": "@jamalali/webflowify",
  "version": "1.0.0",
  "lockfileVersion": 2,
  "requires": true,
  "packages": {
    "": {
      "name": "@jamalali/webflowify",
      "version": "1.0.0",
      "license": "ISC",
      "dependencies": {
        "dotenv": "^16.0.0",
        "shopify-buy": "^2.15.1"
      }
    },
    "node_modules/dotenv": {
      "version": "16.0.0",
      "resolved": "https://registry.npmjs.org/dotenv/-/dotenv-16.0.0.tgz",
      "integrity": "sha512-qD9WU0MPM4SWLPJy/r2Be+2WgQj8plChsyrCNQzW/0WjvcJQiKQJ9mH3ZgB3fxbUUxgc/11ZJ0Fi5KiimWGz2Q==",
      "engines": {
        "node": ">=12"
      }
    },
    "node_modules/shopify-buy": {
      "version": "2.15.1",
      "resolved": "https://registry.npmjs.org/shopify-buy/-/shopify-buy-2.15.1.tgz",
      "integrity": "sha512-ijtQXSTlzNWJ4xEYucfvJZ80PYYEKub+sVcXr77krDagv0NM9SHzkUVk37tMDJIwzh5KM+LOmed6ZN5V1cFyBg=="
    }
  },
  "dependencies": {
    "dotenv": {
      "version": "16.0.0",
      "resolved": "https://registry.npmjs.org/dotenv/-/dotenv-16.0.0.tgz",
      "integrity": "sha512-qD9WU0MPM4SWLPJy/r2Be+2WgQj8plChsyrCNQzW/0WjvcJQiKQJ9mH3ZgB3fxbUUxgc/11ZJ0Fi5KiimWGz2Q=="
    },
    "shopify-buy": {
      "version": "2.15.1",
      "resolved": "https://registry.npmjs.org/shopify-buy/-/shopify-buy-2.15.1.tgz",
      "integrity": "sha512-ijtQXSTlzNWJ4xEYucfvJZ80PYYEKub+sVcXr77krDagv0NM9SHzkUVk37tMDJIwzh5KM+LOmed6ZN5V1cFyBg=="
    }
  }
}
